
Microsoft Visual Studio Solution File, Format Version 12.00
# Visual Studio Version 17
VisualStudioVersion = 17.11.35431.28
MinimumVisualStudioVersion = 10.0.40219.1
Project("{9A19103F-16F7-4668-BE54-9A1E7A4F7556}") = "Persistence", "Persistence\Persistence.csproj", "{7E5F3B46-9BCD-4D08-936F-49C453A5FABF}"
EndProject
Project("{9A19103F-16F7-4668-BE54-9A1E7A4F7556}") = "Domain", "Domain\Domain.csproj", "{C0D1407D-515A-4E94-B407-B054201D7466}"
EndProject
Project("{9A19103F-16F7-4668-BE54-9A1E7A4F7556}") = "Application", "Application\Application.csproj", "{F3BEB11A-DA73-44DB-A097-369FBAA7716F}"
EndProject
Project("{9A19103F-16F7-4668-BE54-9A1E7A4F7556}") = "Infrastructure", "Infrastructure\Infrastructure.csproj", "{17328835-AEC5-4CEC-AEC3-73E4FC637168}"
EndProject
Project("{FAE04EC0-301F-11D3-BF4B-00C04F79EFBC}") = "WebAPI2", "WebAPI2\WebAPI2.csproj", "{126237DF-E58B-42BA-814C-BA4201586186}"
EndProject
Global
	GlobalSection(SolutionConfigurationPlatforms) = preSolution
		Debug|Any CPU = Debug|Any CPU
		Release|Any CPU = Release|Any CPU
	EndGlobalSection
	GlobalSection(ProjectConfigurationPlatforms) = postSolution
		{7E5F3B46-9BCD-4D08-936F-49C453A5FABF}.Debug|Any CPU.ActiveCfg = Debug|Any CPU
		{7E5F3B46-9BCD-4D08-936F-49C453A5FABF}.Debug|Any CPU.Build.0 = Debug|Any CPU
		{7E5F3B46-9BCD-4D08-936F-49C453A5FABF}.Release|Any CPU.ActiveCfg = Release|Any CPU
		{7E5F3B46-9BCD-4D08-936F-49C453A5FABF}.Release|Any CPU.Build.0 = Release|Any CPU
		{C0D1407D-515A-4E94-B407-B054201D7466}.Debug|Any CPU.ActiveCfg = Debug|Any CPU
		{C0D1407D-515A-4E94-B407-B054201D7466}.Debug|Any CPU.Build.0 = Debug|Any CPU
		{C0D1407D-515A-4E94-B407-B054201D7466}.Release|Any CPU.ActiveCfg = Release|Any CPU
		{C0D1407D-515A-4E94-B407-B054201D7466}.Release|Any CPU.Build.0 = Release|Any CPU
		{F3BEB11A-DA73-44DB-A097-369FBAA7716F}.Debug|Any CPU.ActiveCfg = Debug|Any CPU
		{F3BEB11A-DA73-44DB-A097-369FBAA7716F}.Debug|Any CPU.Build.0 = Debug|Any CPU
		{F3BEB11A-DA73-44DB-A097-369FBAA7716F}.Release|Any CPU.ActiveCfg = Release|Any CPU
		{F3BEB11A-DA73-44DB-A097-369FBAA7716F}.Release|Any CPU.Build.0 = Release|Any CPU
		{17328835-AEC5-4CEC-AEC3-73E4FC637168}.Debug|Any CPU.ActiveCfg = Debug|Any CPU
		{17328835-AEC5-4CEC-AEC3-73E4FC637168}.Debug|Any CPU.Build.0 = Debug|Any CPU
		{17328835-AEC5-4CEC-AEC3-73E4FC637168}.Release|Any CPU.ActiveCfg = Release|Any CPU
		{17328835-AEC5-4CEC-AEC3-73E4FC637168}.Release|Any CPU.Build.0 = Release|Any CPU
		{126237DF-E58B-42BA-814C-BA4201586186}.Debug|Any CPU.ActiveCfg = Debug|Any CPU
		{126237DF-E58B-42BA-814C-BA4201586186}.Debug|Any CPU.Build.0 = Debug|Any CPU
		{126237DF-E58B-42BA-814C-BA4201586186}.Release|Any CPU.ActiveCfg = Release|Any CPU
		{126237DF-E58B-42BA-814C-BA4201586186}.Release|Any CPU.Build.0 = Release|Any CPU
	EndGlobalSection
	GlobalSection(SolutionProperties) = preSolution
		HideSolutionNode = FALSE
	EndGlobalSection
	GlobalSection(ExtensibilityGlobals) = postSolution
		SolutionGuid = {74219151-8249-453D-B8A7-50F5A98DD0A4}
	EndGlobalSection
EndGlobal
